
Microsoft Visual Studio Solution File, Format Version 12.00
# Visual Studio Version 16
VisualStudioVersion = 16.0.30907.101
MinimumVisualStudioVersion = 10.0.40219.1
Project("{FAE04EC0-301F-11D3-BF4B-00C04F79EFBC}") = "SEOAnalyzer.Core", "SEOAnalyzer.Core\SEOAnalyzer.Core.csproj", "{829B69EB-0C0A-4883-A865-4FD7151AE92C}"
EndProject
Project("{FAE04EC0-301F-11D3-BF4B-00C04F79EFBC}") = "SEOAnalyzer.Web", "SEOAnalyzer.Web\SEOAnalyzer.Web.csproj", "{26178BF1-5A86-4AB5-912E-37B31FE9CBC4}"
EndProject
Project("{FAE04EC0-301F-11D3-BF4B-00C04F79EFBC}") = "SEOAnalyzer.Web.Tests", "SEOAnalyzer.Web.Tests\SEOAnalyzer.Web.Tests.csproj", "{79BA756C-B9BD-4F95-B47C-366B2017FA53}"
EndProject
Project("{2150E333-8FDC-42A3-9474-1A3956D46DE8}") = "src", "src", "{0589451B-7686-4359-A933-0CC3B485ECB9}"
EndProject
Project("{2150E333-8FDC-42A3-9474-1A3956D46DE8}") = "test", "test", "{FE7D7FB2-A4ED-4B7E-9681-9ED3FFA15F69}"
EndProject
Global
	GlobalSection(SolutionConfigurationPlatforms) = preSolution
		Debug|Any CPU = Debug|Any CPU
		Release|Any CPU = Release|Any CPU
	EndGlobalSection
	GlobalSection(ProjectConfigurationPlatforms) = postSolution
		{829B69EB-0C0A-4883-A865-4FD7151AE92C}.Debug|Any CPU.ActiveCfg = Debug|Any CPU
		{829B69EB-0C0A-4883-A865-4FD7151AE92C}.Debug|Any CPU.Build.0 = Debug|Any CPU
		{829B69EB-0C0A-4883-A865-4FD7151AE92C}.Release|Any CPU.ActiveCfg = Release|Any CPU
		{829B69EB-0C0A-4883-A865-4FD7151AE92C}.Release|Any CPU.Build.0 = Release|Any CPU
		{26178BF1-5A86-4AB5-912E-37B31FE9CBC4}.Debug|Any CPU.ActiveCfg = Debug|Any CPU
		{26178BF1-5A86-4AB5-912E-37B31FE9CBC4}.Debug|Any CPU.Build.0 = Debug|Any CPU
		{26178BF1-5A86-4AB5-912E-37B31FE9CBC4}.Release|Any CPU.ActiveCfg = Release|Any CPU
		{26178BF1-5A86-4AB5-912E-37B31FE9CBC4}.Release|Any CPU.Build.0 = Release|Any CPU
		{79BA756C-B9BD-4F95-B47C-366B2017FA53}.Debug|Any CPU.ActiveCfg = Debug|Any CPU
		{79BA756C-B9BD-4F95-B47C-366B2017FA53}.Debug|Any CPU.Build.0 = Debug|Any CPU
		{79BA756C-B9BD-4F95-B47C-366B2017FA53}.Release|Any CPU.ActiveCfg = Release|Any CPU
		{79BA756C-B9BD-4F95-B47C-366B2017FA53}.Release|Any CPU.Build.0 = Release|Any CPU
	EndGlobalSection
	GlobalSection(SolutionProperties) = preSolution
		HideSolutionNode = FALSE
	EndGlobalSection
	GlobalSection(NestedProjects) = preSolution
		{829B69EB-0C0A-4883-A865-4FD7151AE92C} = {0589451B-7686-4359-A933-0CC3B485ECB9}
		{26178BF1-5A86-4AB5-912E-37B31FE9CBC4} = {0589451B-7686-4359-A933-0CC3B485ECB9}
		{79BA756C-B9BD-4F95-B47C-366B2017FA53} = {FE7D7FB2-A4ED-4B7E-9681-9ED3FFA15F69}
	EndGlobalSection
	GlobalSection(ExtensibilityGlobals) = postSolution
		SolutionGuid = {A6BD7FB4-CF11-447A-B0F2-E25C5DA2F6EB}
	EndGlobalSection
EndGlobal
